// !$*UTF8*$!
{
	archiveVersion = 1;
	classes = {
	};
	objectVersion = 46;
	objects = {

/* Begin PBXBuildFile section */
		D76964DA1A76DAD500F95873 /* main.m in Sources */ = {isa = PBXBuildFile; fileRef = D76964D91A76DAD500F95873 /* main.m */; };
		D76964DD1A76DAD500F95873 /* AppDelegate.m in Sources */ = {isa = PBXBuildFile; fileRef = D76964DC1A76DAD500F95873 /* AppDelegate.m */; };
		D76964E01A76DAD500F95873 /* ViewController.m in Sources */ = {isa = PBXBuildFile; fileRef = D76964DF1A76DAD500F95873 /* ViewController.m */; };
		D76964E51A76DAD500F95873 /* Images.xcassets in Resources */ = {isa = PBXBuildFile; fileRef = D76964E41A76DAD500F95873 /* Images.xcassets */; };
		D76964F41A76DAD500F95873 /* NFXPullTabTests.m in Sources */ = {isa = PBXBuildFile; fileRef = D76964F31A76DAD500F95873 /* NFXPullTabTests.m */; };
		D76965001A76DCDE00F95873 /* NFXPullTabViewController.m in Sources */ = {isa = PBXBuildFile; fileRef = D76964FF1A76DCDE00F95873 /* NFXPullTabViewController.m */; };
/* End PBXBuildFile section */

/* Begin PBXContainerItemProxy section */
		D76964EE1A76DAD500F95873 /* PBXContainerItemProxy */ = {
			isa = PBXContainerItemProxy;
			containerPortal = D76964CC1A76DAD500F95873 /* Project object */;
			proxyType = 1;
			remoteGlobalIDString = D76964D31A76DAD500F95873;
			remoteInfo = NFXPullTab;
		};
/* End PBXContainerItemProxy section */

/* Begin PBXFileReference section */
		D76964D41A76DAD500F95873 /* NFXPullTab.app */ = {isa = PBXFileReference; explicitFileType = wrapper.application; includeInIndex = 0; path = NFXPullTab.app; sourceTree = BUILT_PRODUCTS_DIR; };
		D76964D81A76DAD500F95873 /* Info.plist */ = {isa = PBXFileReference; lastKnownFileType = text.plist.xml; path = Info.plist; sourceTree = "<group>"; };
		D76964D91A76DAD500F95873 /* main.m */ = {isa = PBXFileReference; lastKnownFileType = sourcecode.c.objc; path = main.m; sourceTree = "<group>"; };
		D76964DB1A76DAD500F95873 /* AppDelegate.h */ = {isa = PBXFileReference; lastKnownFileType = sourcecode.c.h; path = AppDelegate.h; sourceTree = "<group>"; };
		D76964DC1A76DAD500F95873 /* AppDelegate.m */ = {isa = PBXFileReference; lastKnownFileType = sourcecode.c.objc; path = AppDelegate.m; sourceTree = "<group>"; };
		D76964DE1A76DAD500F95873 /* ViewController.h */ = {isa = PBXFileReference; lastKnownFileType = sourcecode.c.h; path = ViewController.h; sourceTree = "<group>"; };
		D76964DF1A76DAD500F95873 /* ViewController.m */ = {isa = PBXFileReference; lastKnownFileType = sourcecode.c.objc; path = ViewController.m; sourceTree = "<group>"; };
		D76964E41A76DAD500F95873 /* Images.xcassets */ = {isa = PBXFileReference; lastKnownFileType = folder.assetcatalog; path = Images.xcassets; sourceTree = "<group>"; };
		D76964ED1A76DAD500F95873 /* NFXPullTabTests.xctest */ = {isa = PBXFileReference; explicitFileType = wrapper.cfbundle; includeInIndex = 0; path = NFXPullTabTests.xctest; sourceTree = BUILT_PRODUCTS_DIR; };
		D76964F21A76DAD500F95873 /* Info.plist */ = {isa = PBXFileReference; lastKnownFileType = text.plist.xml; path = Info.plist; sourceTree = "<group>"; };
		D76964F31A76DAD500F95873 /* NFXPullTabTests.m */ = {isa = PBXFileReference; lastKnownFileType = sourcecode.c.objc; path = NFXPullTabTests.m; sourceTree = "<group>"; };
		D76964FE1A76DCDE00F95873 /* NFXPullTabViewController.h */ = {isa = PBXFileReference; fileEncoding = 4; lastKnownFileType = sourcecode.c.h; path = NFXPullTabViewController.h; sourceTree = "<group>"; };
		D76964FF1A76DCDE00F95873 /* NFXPullTabViewController.m */ = {isa = PBXFileReference; fileEncoding = 4; lastKnownFileType = sourcecode.c.objc; path = NFXPullTabViewController.m; sourceTree = "<group>"; };
/* End PBXFileReference section */

/* Begin PBXFrameworksBuildPhase section */
		D76964D11A76DAD500F95873 /* Frameworks */ = {
			isa = PBXFrameworksBuildPhase;
			buildActionMask = 2147483647;
			files = (
			);
			runOnlyForDeploymentPostprocessing = 0;
		};
		D76964EA1A76DAD500F95873 /* Frameworks */ = {
			isa = PBXFrameworksBuildPhase;
			buildActionMask = 2147483647;
			files = (
			);
			runOnlyForDeploymentPostprocessing = 0;
		};
/* End PBXFrameworksBuildPhase section */

/* Begin PBXGroup section */
		D76964CB1A76DAD500F95873 = {
			isa = PBXGroup;
			children = (
				D76964D61A76DAD500F95873 /* NFXPullTab */,
				D76964F01A76DAD500F95873 /* NFXPullTabTests */,
				D76964D51A76DAD500F95873 /* Products */,
			);
			sourceTree = "<group>";
		};
		D76964D51A76DAD500F95873 /* Products */ = {
			isa = PBXGroup;
			children = (
				D76964D41A76DAD500F95873 /* NFXPullTab.app */,
				D76964ED1A76DAD500F95873 /* NFXPullTabTests.xctest */,
			);
			name = Products;
			sourceTree = "<group>";
		};
		D76964D61A76DAD500F95873 /* NFXPullTab */ = {
			isa = PBXGroup;
			children = (
				D76964FD1A76DAE100F95873 /* lib */,
				D76964DB1A76DAD500F95873 /* AppDelegate.h */,
				D76964DC1A76DAD500F95873 /* AppDelegate.m */,
				D76964DE1A76DAD500F95873 /* ViewController.h */,
				D76964DF1A76DAD500F95873 /* ViewController.m */,
				D76964E41A76DAD500F95873 /* Images.xcassets */,
				D76964D71A76DAD500F95873 /* Supporting Files */,
			);
			path = NFXPullTab;
			sourceTree = "<group>";
		};
		D76964D71A76DAD500F95873 /* Supporting Files */ = {
			isa = PBXGroup;
			children = (
				D76964D81A76DAD500F95873 /* Info.plist */,
				D76964D91A76DAD500F95873 /* main.m */,
			);
			name = "Supporting Files";
			sourceTree = "<group>";
		};
		D76964F01A76DAD500F95873 /* NFXPullTabTests */ = {
			isa = PBXGroup;
			children = (
				D76964F31A76DAD500F95873 /* NFXPullTabTests.m */,
				D76964F11A76DAD500F95873 /* Supporting Files */,
			);
			path = NFXPullTabTests;
			sourceTree = "<group>";
		};
		D76964F11A76DAD500F95873 /* Supporting Files */ = {
			isa = PBXGroup;
			children = (
				D76964F21A76DAD500F95873 /* Info.plist */,
			);
			name = "Supporting Files";
			sourceTree = "<group>";
		};
		D76964FD1A76DAE100F95873 /* lib */ = {
			isa = PBXGroup;
			children = (
				D76964FE1A76DCDE00F95873 /* NFXPullTabViewController.h */,
				D76964FF1A76DCDE00F95873 /* NFXPullTabViewController.m */,
			);
			name = lib;
			sourceTree = "<group>";
		};
/* End PBXGroup section */

/* Begin PBXNativeTarget section */
		D76964D31A76DAD500F95873 /* NFXPullTab */ = {
			isa = PBXNativeTarget;
			buildConfigurationList = D76964F71A76DAD500F95873 /* Build configuration list for PBXNativeTarget "NFXPullTab" */;
			buildPhases = (
				D76964D01A76DAD500F95873 /* Sources */,
				D76964D11A76DAD500F95873 /* Frameworks */,
				D76964D21A76DAD500F95873 /* Resources */,
			);
			buildRules = (
			);
			dependencies = (
			);
			name = NFXPullTab;
			productName = NFXPullTab;
			productReference = D76964D41A76DAD500F95873 /* NFXPullTab.app */;
			productType = "com.apple.product-type.application";
		};
		D76964EC1A76DAD500F95873 /* NFXPullTabTests */ = {
			isa = PBXNativeTarget;
			buildConfigurationList = D76964FA1A76DAD500F95873 /* Build configuration list for PBXNativeTarget "NFXPullTabTests" */;
			buildPhases = (
				D76964E91A76DAD500F95873 /* Sources */,
				D76964EA1A76DAD500F95873 /* Frameworks */,
				D76964EB1A76DAD500F95873 /* Resources */,
			);
			buildRules = (
			);
			dependencies = (
				D76964EF1A76DAD500F95873 /* PBXTargetDependency */,
			);
			name = NFXPullTabTests;
			productName = NFXPullTabTests;
			productReference = D76964ED1A76DAD500F95873 /* NFXPullTabTests.xctest */;
			productType = "com.apple.product-type.bundle.unit-test";
		};
/* End PBXNativeTarget section */

/* Begin PBXProject section */
		D76964CC1A76DAD500F95873 /* Project object */ = {
			isa = PBXProject;
			attributes = {
				LastUpgradeCheck = 0610;
				ORGANIZATIONNAME = Tomoya_Hirano;
				TargetAttributes = {
					D76964D31A76DAD500F95873 = {
						CreatedOnToolsVersion = 6.1.1;
					};
					D76964EC1A76DAD500F95873 = {
						CreatedOnToolsVersion = 6.1.1;
						TestTargetID = D76964D31A76DAD500F95873;
					};
				};
			};
			buildConfigurationList = D76964CF1A76DAD500F95873 /* Build configuration list for PBXProject "NFXPullTab" */;
			compatibilityVersion = "Xcode 3.2";
			developmentRegion = English;
			hasScannedForEncodings = 0;
			knownRegions = (
				en,
				Base,
			);
			mainGroup = D76964CB1A76DAD500F95873;
			productRefGroup = D76964D51A76DAD500F95873 /* Products */;
			projectDirPath = "";
			projectRoot = "";
			targets = (
				D76964D31A76DAD500F95873 /* NFXPullTab */,
				D76964EC1A76DAD500F95873 /* NFXPullTabTests */,
			);
		};
/* End PBXProject section */

/* Begin PBXResourcesBuildPhase section */
		D76964D21A76DAD500F95873 /* Resources */ = {
			isa = PBXResourcesBuildPhase;
			buildActionMask = 2147483647;
			files = (
				D76964E51A76DAD500F95873 /* Images.xcassets in Resources */,
			);
			runOnlyForDeploymentPostprocessing = 0;
		};
		D76964EB1A76DAD500F95873 /* Resources */ = {
			isa = PBXResourcesBuildPhase;
			buildActionMask = 2147483647;
			files = (
			);
			runOnlyForDeploymentPostprocessing = 0;
		};
/* End PBXResourcesBuildPhase section */

/* Begin PBXSourcesBuildPhase section */
		D76964D01A76DAD500F95873 /* Sources */ = {
			isa = PBXSourcesBuildPhase;
			buildActionMask = 2147483647;
			files = (
				D76965001A76DCDE00F95873 /* NFXPullTabViewController.m in Sources */,
				D76964E01A76DAD500F95873 /* ViewController.m in Sources */,
				D76964DD1A76DAD500F95873 /* AppDelegate.m in Sources */,
				D76964DA1A76DAD500F95873 /* main.m in Sources */,
			);
			runOnlyForDeploymentPostprocessing = 0;
		};
		D76964E91A76DAD500F95873 /* Sources */ = {
			isa = PBXSourcesBuildPhase;
			buildActionMask = 2147483647;
			files = (
				D76964F41A76DAD500F95873 /* NFXPullTabTests.m in Sources */,
			);
			runOnlyForDeploymentPostprocessing = 0;
		};
/* End PBXSourcesBuildPhase section */

/* Begin PBXTargetDependency section */
		D76964EF1A76DAD500F95873 /* PBXTargetDependency */ = {
			isa = PBXTargetDependency;
			target = D76964D31A76DAD500F95873 /* NFXPullTab */;
			targetProxy = D76964EE1A76DAD500F95873 /* PBXContainerItemProxy */;
		};
/* End PBXTargetDependency section */

/* Begin XCBuildConfiguration section */
		D76964F51A76DAD500F95873 /* Debug */ = {
			isa = XCBuildConfiguration;
			buildSettings = {
				ALWAYS_SEARCH_USER_PATHS = NO;
				CLANG_CXX_LANGUAGE_STANDARD = "gnu++0x";
				CLANG_CXX_LIBRARY = "libc++";
				CLANG_ENABLE_MODULES = YES;
				CLANG_ENABLE_OBJC_ARC = YES;
				CLANG_WARN_BOOL_CONVERSION = YES;
				CLANG_WARN_CONSTANT_CONVERSION = YES;
				CLANG_WARN_DIRECT_OBJC_ISA_USAGE = YES_ERROR;
				CLANG_WARN_EMPTY_BODY = YES;
				CLANG_WARN_ENUM_CONVERSION = YES;
				CLANG_WARN_INT_CONVERSION = YES;
				CLANG_WARN_OBJC_ROOT_CLASS = YES_ERROR;
				CLANG_WARN_UNREACHABLE_CODE = YES;
				CLANG_WARN__DUPLICATE_METHOD_MATCH = YES;
				"CODE_SIGN_IDENTITY[sdk=iphoneos*]" = "iPhone Developer";
				COPY_PHASE_STRIP = NO;
				ENABLE_STRICT_OBJC_MSGSEND = YES;
				GCC_C_LANGUAGE_STANDARD = gnu99;
				GCC_DYNAMIC_NO_PIC = NO;
				GCC_OPTIMIZATION_LEVEL = 0;
				GCC_PREPROCESSOR_DEFINITIONS = (
					"DEBUG=1",
					"$(inherited)",
				);
				GCC_SYMBOLS_PRIVATE_EXTERN = NO;
				GCC_WARN_64_TO_32_BIT_CONVERSION = YES;
				GCC_WARN_ABOUT_RETURN_TYPE = YES_ERROR;
				GCC_WARN_UNDECLARED_SELECTOR = YES;
				GCC_WARN_UNINITIALIZED_AUTOS = YES_AGGRESSIVE;
				GCC_WARN_UNUSED_FUNCTION = YES;
				GCC_WARN_UNUSED_VARIABLE = YES;
				IPHONEOS_DEPLOYMENT_TARGET = 7.0;
				MTL_ENABLE_DEBUG_INFO = YES;
				ONLY_ACTIVE_ARCH = YES;
				SDKROOT = iphoneos;
			};
			name = Debug;
		};
		D76964F61A76DAD500F95873 /* Release */ = {
			isa = XCBuildConfiguration;
			buildSettings = {
				ALWAYS_SEARCH_USER_PATHS = NO;
				CLANG_CXX_LANGUAGE_STANDARD = "gnu++0x";
				CLANG_CXX_LIBRARY = "libc++";
				CLANG_ENABLE_MODULES = YES;
				CLANG_ENABLE_OBJC_ARC = YES;
				CLANG_WARN_BOOL_CONVERSION = YES;
				CLANG_WARN_CONSTANT_CONVERSION = YES;
				CLANG_WARN_DIRECT_OBJC_ISA_USAGE = YES_ERROR;
				CLANG_WARN_EMPTY_BODY = YES;
				CLANG_WARN_ENUM_CONVERSION = YES;
				CLANG_WARN_INT_CONVERSION = YES;
				CLANG_WARN_OBJC_ROOT_CLASS = YES_ERROR;
				CLANG_WARN_UNREACHABLE_CODE = YES;
				CLANG_WARN__DUPLICATE_METHOD_MATCH = YES;
				"CODE_SIGN_IDENTITY[sdk=iphoneos*]" = "iPhone Developer";
				COPY_PHASE_STRIP = YES;
				ENABLE_NS_ASSERTIONS = NO;
				ENABLE_STRICT_OBJC_MSGSEND = YES;
				GCC_C_LANGUAGE_STANDARD = gnu99;
				GCC_WARN_64_TO_32_BIT_CONVERSION = YES;
				GCC_WARN_ABOUT_RETURN_TYPE = YES_ERROR;
				GCC_WARN_UNDECLARED_SELECTOR = YES;
				GCC_WARN_UNINITIALIZED_AUTOS = YES_AGGRESSIVE;
				GCC_WARN_UNUSED_FUNCTION = YES;
				GCC_WARN_UNUSED_VARIABLE = YES;
				IPHONEOS_DEPLOYMENT_TARGET = 7.0;
				MTL_ENABLE_DEBUG_INFO = NO;
				SDKROOT = iphoneos;
				VALIDATE_PRODUCT = YES;
			};
			name = Release;
		};
		D76964F81A76DAD500F95873 /* Debug */ = {
			isa = XCBuildConfiguration;
			buildSettings = {
				ASSETCATALOG_COMPILER_APPICON_NAME = AppIcon;
				INFOPLIST_FILE = NFXPullTab/Info.plist;
				IPHONEOS_DEPLOYMENT_TARGET = 7.0;
				LD_RUNPATH_SEARCH_PATHS = "$(inherited) @executable_path/Frameworks";
				PRODUCT_NAME = "$(TARGET_NAME)";
			};
			name = Debug;
		};
		D76964F91A76DAD500F95873 /* Release */ = {
			isa = XCBuildConfiguration;
			buildSettings = {
				ASSETCATALOG_COMPILER_APPICON_NAME = AppIcon;
				INFOPLIST_FILE = NFXPullTab/Info.plist;
				IPHONEOS_DEPLOYMENT_TARGET = 7.0;
				LD_RUNPATH_SEARCH_PATHS = "$(inherited) @executable_path/Frameworks";
				PRODUCT_NAME = "$(TARGET_NAME)";
			};
			name = Release;
		};
		D76964FB1A76DAD500F95873 /* Debug */ = {
			isa = XCBuildConfiguration;
			buildSettings = {
				BUNDLE_LOADER = "$(TEST_HOST)";
				FRAMEWORK_SEARCH_PATHS = (
					"$(SDKROOT)/Developer/Library/Frameworks",
					"$(inherited)",
				);
				GCC_PREPROCESSOR_DEFINITIONS = (
					"DEBUG=1",
					"$(inherited)",
				);
				INFOPLIST_FILE = NFXPullTabTests/Info.plist;
				LD_RUNPATH_SEARCH_PATHS = "$(inherited) @executable_path/Frameworks @loader_path/Frameworks";
				PRODUCT_NAME = "$(TARGET_NAME)";
				TEST_HOST = "$(BUILT_PRODUCTS_DIR)/NFXPullTab.app/NFXPullTab";
			};
			name = Debug;
		};
		D76964FC1A76DAD500F95873 /* Release */ = {
			isa = XCBuildConfiguration;
			buildSettings = {
				BUNDLE_LOADER = "$(TEST_HOST)";
				FRAMEWORK_SEARCH_PATHS = (
					"$(SDKROOT)/Developer/Library/Frameworks",
					"$(inherited)",
				);
				INFOPLIST_FILE = NFXPullTabTests/Info.plist;
				LD_RUNPATH_SEARCH_PATHS = "$(inherited) @executable_path/Frameworks @loader_path/Frameworks";
				PRODUCT_NAME = "$(TARGET_NAME)";
				TEST_HOST = "$(BUILT_PRODUCTS_DIR)/NFXPullTab.app/NFXPullTab";
			};
			name = Release;
		};
/* End XCBuildConfiguration section */

/* Begin XCConfigurationList section */
		D76964CF1A76DAD500F95873 /* Build configuration list for PBXProject "NFXPullTab" */ = {
			isa = XCConfigurationList;
			buildConfigurations = (
				D76964F51A76DAD500F95873 /* Debug */,
				D76964F61A76DAD500F95873 /* Release */,
			);
			defaultConfigurationIsVisible = 0;
			defaultConfigurationName = Release;
		};
		D76964F71A76DAD500F95873 /* Build configuration list for PBXNativeTarget "NFXPullTab" */ = {
			isa = XCConfigurationList;
			buildConfigurations = (
				D76964F81A76DAD500F95873 /* Debug */,
				D76964F91A76DAD500F95873 /* Release */,
			);
			defaultConfigurationIsVisible = 0;
		};
		D76964FA1A76DAD500F95873 /* Build configuration list for PBXNativeTarget "NFXPullTabTests" */ = {
			isa = XCConfigurationList;
			buildConfigurations = (
				D76964FB1A76DAD500F95873 /* Debug */,
				D76964FC1A76DAD500F95873 /* Release */,
			);
			defaultConfigurationIsVisible = 0;
		};
/* End XCConfigurationList section */
	};
	rootObject = D76964CC1A76DAD500F95873 /* Project object */;
}
